
Microsoft Visual Studio Solution File, Format Version 12.00
# Visual Studio Version 17
Project("{8BC9CEB8-8B4A-11D0-8D11-00A0C91BC942}") = "ALL_BUILD", "ALL_BUILD.vcxproj", "{733F8F94-B188-3839-9F75-BF9D40C529F5}"
	ProjectSection(ProjectDependencies) = postProject
		{2994B733-E9C7-37DF-B0B2-7418448DFA7F} = {2994B733-E9C7-37DF-B0B2-7418448DFA7F}
		{1158B672-2A26-33B9-A00F-087645097930} = {1158B672-2A26-33B9-A00F-087645097930}
		{671DA83C-02C6-3184-9EA6-A6CD18454B9D} = {671DA83C-02C6-3184-9EA6-A6CD18454B9D}
		{19D821C8-CA9A-353E-BBB2-ED0162D648D9} = {19D821C8-CA9A-353E-BBB2-ED0162D648D9}
		{F0A09AFE-946D-3C12-B2CE-2330A78A72B6} = {F0A09AFE-946D-3C12-B2CE-2330A78A72B6}
		{0004B7DC-0C6A-3254-9F3B-45B8F837264C} = {0004B7DC-0C6A-3254-9F3B-45B8F837264C}
		{0652A62C-64A6-30FE-9FD9-21224530D2C6} = {0652A62C-64A6-30FE-9FD9-21224530D2C6}
		{98AD0AB6-7214-3318-B7FC-67656D0F434E} = {98AD0AB6-7214-3318-B7FC-67656D0F434E}
		{21E5D58F-0F55-337B-8B9B-ABE8E387F1B0} = {21E5D58F-0F55-337B-8B9B-ABE8E387F1B0}
		{F2727086-F5A1-3182-A447-1110D6B98A54} = {F2727086-F5A1-3182-A447-1110D6B98A54}
		{273CAB8F-5A43-3E54-A321-0EB1BF9699CE} = {273CAB8F-5A43-3E54-A321-0EB1BF9699CE}
		{23F5996F-12B1-3567-8C97-6E91C376C9E4} = {23F5996F-12B1-3567-8C97-6E91C376C9E4}
		{907D7E45-7FB1-3CAF-AE65-757B111FD4E4} = {907D7E45-7FB1-3CAF-AE65-757B111FD4E4}
		{A8F19913-8053-38C7-AB07-6AA19278753E} = {A8F19913-8053-38C7-AB07-6AA19278753E}
	EndProjectSection
EndProject
Project("{8BC9CEB8-8B4A-11D0-8D11-00A0C91BC942}") = "reflection", "reflection.vcxproj", "{2994B733-E9C7-37DF-B0B2-7418448DFA7F}"
	ProjectSection(ProjectDependencies) = postProject
	EndProjectSection
EndProject
Project("{8BC9CEB8-8B4A-11D0-8D11-00A0C91BC942}") = "test_reflection", "test_reflection.vcxproj", "{C8880420-02BA-3789-B583-A38D84B894D0}"
	ProjectSection(ProjectDependencies) = postProject
		{1158B672-2A26-33B9-A00F-087645097930} = {1158B672-2A26-33B9-A00F-087645097930}
		{671DA83C-02C6-3184-9EA6-A6CD18454B9D} = {671DA83C-02C6-3184-9EA6-A6CD18454B9D}
		{19D821C8-CA9A-353E-BBB2-ED0162D648D9} = {19D821C8-CA9A-353E-BBB2-ED0162D648D9}
		{F0A09AFE-946D-3C12-B2CE-2330A78A72B6} = {F0A09AFE-946D-3C12-B2CE-2330A78A72B6}
		{0004B7DC-0C6A-3254-9F3B-45B8F837264C} = {0004B7DC-0C6A-3254-9F3B-45B8F837264C}
		{0652A62C-64A6-30FE-9FD9-21224530D2C6} = {0652A62C-64A6-30FE-9FD9-21224530D2C6}
		{98AD0AB6-7214-3318-B7FC-67656D0F434E} = {98AD0AB6-7214-3318-B7FC-67656D0F434E}
		{21E5D58F-0F55-337B-8B9B-ABE8E387F1B0} = {21E5D58F-0F55-337B-8B9B-ABE8E387F1B0}
		{F2727086-F5A1-3182-A447-1110D6B98A54} = {F2727086-F5A1-3182-A447-1110D6B98A54}
		{273CAB8F-5A43-3E54-A321-0EB1BF9699CE} = {273CAB8F-5A43-3E54-A321-0EB1BF9699CE}
		{23F5996F-12B1-3567-8C97-6E91C376C9E4} = {23F5996F-12B1-3567-8C97-6E91C376C9E4}
		{907D7E45-7FB1-3CAF-AE65-757B111FD4E4} = {907D7E45-7FB1-3CAF-AE65-757B111FD4E4}
		{A8F19913-8053-38C7-AB07-6AA19278753E} = {A8F19913-8053-38C7-AB07-6AA19278753E}
	EndProjectSection
EndProject
Project("{8BC9CEB8-8B4A-11D0-8D11-00A0C91BC942}") = "test_reflection_func_func_base_classes", "test_reflection_func_func_base_classes.vcxproj", "{1158B672-2A26-33B9-A00F-087645097930}"
	ProjectSection(ProjectDependencies) = postProject
		{2994B733-E9C7-37DF-B0B2-7418448DFA7F} = {2994B733-E9C7-37DF-B0B2-7418448DFA7F}
	EndProjectSection
EndProject
Project("{8BC9CEB8-8B4A-11D0-8D11-00A0C91BC942}") = "test_reflection_func_func_signature", "test_reflection_func_func_signature.vcxproj", "{671DA83C-02C6-3184-9EA6-A6CD18454B9D}"
	ProjectSection(ProjectDependencies) = postProject
		{2994B733-E9C7-37DF-B0B2-7418448DFA7F} = {2994B733-E9C7-37DF-B0B2-7418448DFA7F}
	EndProjectSection
EndProject
Project("{8BC9CEB8-8B4A-11D0-8D11-00A0C91BC942}") = "test_reflection_func_string_callable", "test_reflection_func_string_callable.vcxproj", "{19D821C8-CA9A-353E-BBB2-ED0162D648D9}"
	ProjectSection(ProjectDependencies) = postProject
		{2994B733-E9C7-37DF-B0B2-7418448DFA7F} = {2994B733-E9C7-37DF-B0B2-7418448DFA7F}
	EndProjectSection
EndProject
Project("{8BC9CEB8-8B4A-11D0-8D11-00A0C91BC942}") = "test_reflection_meta_meta_base_classes", "test_reflection_meta_meta_base_classes.vcxproj", "{F0A09AFE-946D-3C12-B2CE-2330A78A72B6}"
	ProjectSection(ProjectDependencies) = postProject
		{2994B733-E9C7-37DF-B0B2-7418448DFA7F} = {2994B733-E9C7-37DF-B0B2-7418448DFA7F}
	EndProjectSection
EndProject
Project("{8BC9CEB8-8B4A-11D0-8D11-00A0C91BC942}") = "test_reflection_reflection", "test_reflection_reflection.vcxproj", "{0004B7DC-0C6A-3254-9F3B-45B8F837264C}"
	ProjectSection(ProjectDependencies) = postProject
		{2994B733-E9C7-37DF-B0B2-7418448DFA7F} = {2994B733-E9C7-37DF-B0B2-7418448DFA7F}
	EndProjectSection
EndProject
Project("{8BC9CEB8-8B4A-11D0-8D11-00A0C91BC942}") = "test_reflection_serialization_binary_coder", "test_reflection_serialization_binary_coder.vcxproj", "{0652A62C-64A6-30FE-9FD9-21224530D2C6}"
	ProjectSection(ProjectDependencies) = postProject
		{2994B733-E9C7-37DF-B0B2-7418448DFA7F} = {2994B733-E9C7-37DF-B0B2-7418448DFA7F}
	EndProjectSection
EndProject
Project("{8BC9CEB8-8B4A-11D0-8D11-00A0C91BC942}") = "test_reflection_serialization_byte_swapper", "test_reflection_serialization_byte_swapper.vcxproj", "{98AD0AB6-7214-3318-B7FC-67656D0F434E}"
	ProjectSection(ProjectDependencies) = postProject
		{2994B733-E9C7-37DF-B0B2-7418448DFA7F} = {2994B733-E9C7-37DF-B0B2-7418448DFA7F}
	EndProjectSection
EndProject
Project("{8BC9CEB8-8B4A-11D0-8D11-00A0C91BC942}") = "test_reflection_serialization_endian", "test_reflection_serialization_endian.vcxproj", "{21E5D58F-0F55-337B-8B9B-ABE8E387F1B0}"
	ProjectSection(ProjectDependencies) = postProject
		{2994B733-E9C7-37DF-B0B2-7418448DFA7F} = {2994B733-E9C7-37DF-B0B2-7418448DFA7F}
	EndProjectSection
EndProject
Project("{8BC9CEB8-8B4A-11D0-8D11-00A0C91BC942}") = "test_reflection_serialization_serialize", "test_reflection_serialization_serialize.vcxproj", "{F2727086-F5A1-3182-A447-1110D6B98A54}"
	ProjectSection(ProjectDependencies) = postProject
		{2994B733-E9C7-37DF-B0B2-7418448DFA7F} = {2994B733-E9C7-37DF-B0B2-7418448DFA7F}
	EndProjectSection
EndProject
Project("{8BC9CEB8-8B4A-11D0-8D11-00A0C91BC942}") = "test_reflection_serialization_text_code", "test_reflection_serialization_text_code.vcxproj", "{273CAB8F-5A43-3E54-A321-0EB1BF9699CE}"
	ProjectSection(ProjectDependencies) = postProject
		{2994B733-E9C7-37DF-B0B2-7418448DFA7F} = {2994B733-E9C7-37DF-B0B2-7418448DFA7F}
	EndProjectSection
EndProject
Project("{8BC9CEB8-8B4A-11D0-8D11-00A0C91BC942}") = "test_reflection_serialization_utils", "test_reflection_serialization_utils.vcxproj", "{23F5996F-12B1-3567-8C97-6E91C376C9E4}"
	ProjectSection(ProjectDependencies) = postProject
		{2994B733-E9C7-37DF-B0B2-7418448DFA7F} = {2994B733-E9C7-37DF-B0B2-7418448DFA7F}
	EndProjectSection
EndProject
Project("{8BC9CEB8-8B4A-11D0-8D11-00A0C91BC942}") = "test_reflection_status", "test_reflection_status.vcxproj", "{907D7E45-7FB1-3CAF-AE65-757B111FD4E4}"
	ProjectSection(ProjectDependencies) = postProject
		{2994B733-E9C7-37DF-B0B2-7418448DFA7F} = {2994B733-E9C7-37DF-B0B2-7418448DFA7F}
	EndProjectSection
EndProject
Project("{8BC9CEB8-8B4A-11D0-8D11-00A0C91BC942}") = "test_reflection_utils", "test_reflection_utils.vcxproj", "{A8F19913-8053-38C7-AB07-6AA19278753E}"
	ProjectSection(ProjectDependencies) = postProject
		{2994B733-E9C7-37DF-B0B2-7418448DFA7F} = {2994B733-E9C7-37DF-B0B2-7418448DFA7F}
	EndProjectSection
EndProject
Global
	GlobalSection(SolutionConfigurationPlatforms) = preSolution
		Debug|x64 = Debug|x64
		Release|x64 = Release|x64
	EndGlobalSection
	GlobalSection(ProjectConfigurationPlatforms) = postSolution
		{733F8F94-B188-3839-9F75-BF9D40C529F5}.Debug|x64.ActiveCfg = Debug|x64
		{733F8F94-B188-3839-9F75-BF9D40C529F5}.Release|x64.ActiveCfg = Release|x64
		{2994B733-E9C7-37DF-B0B2-7418448DFA7F}.Debug|x64.ActiveCfg = Debug|x64
		{2994B733-E9C7-37DF-B0B2-7418448DFA7F}.Debug|x64.Build.0 = Debug|x64
		{2994B733-E9C7-37DF-B0B2-7418448DFA7F}.Release|x64.ActiveCfg = Release|x64
		{2994B733-E9C7-37DF-B0B2-7418448DFA7F}.Release|x64.Build.0 = Release|x64
		{C8880420-02BA-3789-B583-A38D84B894D0}.Debug|x64.ActiveCfg = Debug|x64
		{C8880420-02BA-3789-B583-A38D84B894D0}.Release|x64.ActiveCfg = Release|x64
		{1158B672-2A26-33B9-A00F-087645097930}.Debug|x64.ActiveCfg = Debug|x64
		{1158B672-2A26-33B9-A00F-087645097930}.Debug|x64.Build.0 = Debug|x64
		{1158B672-2A26-33B9-A00F-087645097930}.Release|x64.ActiveCfg = Release|x64
		{1158B672-2A26-33B9-A00F-087645097930}.Release|x64.Build.0 = Release|x64
		{671DA83C-02C6-3184-9EA6-A6CD18454B9D}.Debug|x64.ActiveCfg = Debug|x64
		{671DA83C-02C6-3184-9EA6-A6CD18454B9D}.Debug|x64.Build.0 = Debug|x64
		{671DA83C-02C6-3184-9EA6-A6CD18454B9D}.Release|x64.ActiveCfg = Release|x64
		{671DA83C-02C6-3184-9EA6-A6CD18454B9D}.Release|x64.Build.0 = Release|x64
		{19D821C8-CA9A-353E-BBB2-ED0162D648D9}.Debug|x64.ActiveCfg = Debug|x64
		{19D821C8-CA9A-353E-BBB2-ED0162D648D9}.Debug|x64.Build.0 = Debug|x64
		{19D821C8-CA9A-353E-BBB2-ED0162D648D9}.Release|x64.ActiveCfg = Release|x64
		{19D821C8-CA9A-353E-BBB2-ED0162D648D9}.Release|x64.Build.0 = Release|x64
		{F0A09AFE-946D-3C12-B2CE-2330A78A72B6}.Debug|x64.ActiveCfg = Debug|x64
		{F0A09AFE-946D-3C12-B2CE-2330A78A72B6}.Debug|x64.Build.0 = Debug|x64
		{F0A09AFE-946D-3C12-B2CE-2330A78A72B6}.Release|x64.ActiveCfg = Release|x64
		{F0A09AFE-946D-3C12-B2CE-2330A78A72B6}.Release|x64.Build.0 = Release|x64
		{0004B7DC-0C6A-3254-9F3B-45B8F837264C}.Debug|x64.ActiveCfg = Debug|x64
		{0004B7DC-0C6A-3254-9F3B-45B8F837264C}.Debug|x64.Build.0 = Debug|x64
		{0004B7DC-0C6A-3254-9F3B-45B8F837264C}.Release|x64.ActiveCfg = Release|x64
		{0004B7DC-0C6A-3254-9F3B-45B8F837264C}.Release|x64.Build.0 = Release|x64
		{0652A62C-64A6-30FE-9FD9-21224530D2C6}.Debug|x64.ActiveCfg = Debug|x64
		{0652A62C-64A6-30FE-9FD9-21224530D2C6}.Debug|x64.Build.0 = Debug|x64
		{0652A62C-64A6-30FE-9FD9-21224530D2C6}.Release|x64.ActiveCfg = Release|x64
		{0652A62C-64A6-30FE-9FD9-21224530D2C6}.Release|x64.Build.0 = Release|x64
		{98AD0AB6-7214-3318-B7FC-67656D0F434E}.Debug|x64.ActiveCfg = Debug|x64
		{98AD0AB6-7214-3318-B7FC-67656D0F434E}.Debug|x64.Build.0 = Debug|x64
		{98AD0AB6-7214-3318-B7FC-67656D0F434E}.Release|x64.ActiveCfg = Release|x64
		{98AD0AB6-7214-3318-B7FC-67656D0F434E}.Release|x64.Build.0 = Release|x64
		{21E5D58F-0F55-337B-8B9B-ABE8E387F1B0}.Debug|x64.ActiveCfg = Debug|x64
		{21E5D58F-0F55-337B-8B9B-ABE8E387F1B0}.Debug|x64.Build.0 = Debug|x64
		{21E5D58F-0F55-337B-8B9B-ABE8E387F1B0}.Release|x64.ActiveCfg = Release|x64
		{21E5D58F-0F55-337B-8B9B-ABE8E387F1B0}.Release|x64.Build.0 = Release|x64
		{F2727086-F5A1-3182-A447-1110D6B98A54}.Debug|x64.ActiveCfg = Debug|x64
		{F2727086-F5A1-3182-A447-1110D6B98A54}.Debug|x64.Build.0 = Debug|x64
		{F2727086-F5A1-3182-A447-1110D6B98A54}.Release|x64.ActiveCfg = Release|x64
		{F2727086-F5A1-3182-A447-1110D6B98A54}.Release|x64.Build.0 = Release|x64
		{273CAB8F-5A43-3E54-A321-0EB1BF9699CE}.Debug|x64.ActiveCfg = Debug|x64
		{273CAB8F-5A43-3E54-A321-0EB1BF9699CE}.Debug|x64.Build.0 = Debug|x64
		{273CAB8F-5A43-3E54-A321-0EB1BF9699CE}.Release|x64.ActiveCfg = Release|x64
		{273CAB8F-5A43-3E54-A321-0EB1BF9699CE}.Release|x64.Build.0 = Release|x64
		{23F5996F-12B1-3567-8C97-6E91C376C9E4}.Debug|x64.ActiveCfg = Debug|x64
		{23F5996F-12B1-3567-8C97-6E91C376C9E4}.Debug|x64.Build.0 = Debug|x64
		{23F5996F-12B1-3567-8C97-6E91C376C9E4}.Release|x64.ActiveCfg = Release|x64
		{23F5996F-12B1-3567-8C97-6E91C376C9E4}.Release|x64.Build.0 = Release|x64
		{907D7E45-7FB1-3CAF-AE65-757B111FD4E4}.Debug|x64.ActiveCfg = Debug|x64
		{907D7E45-7FB1-3CAF-AE65-757B111FD4E4}.Debug|x64.Build.0 = Debug|x64
		{907D7E45-7FB1-3CAF-AE65-757B111FD4E4}.Release|x64.ActiveCfg = Release|x64
		{907D7E45-7FB1-3CAF-AE65-757B111FD4E4}.Release|x64.Build.0 = Release|x64
		{A8F19913-8053-38C7-AB07-6AA19278753E}.Debug|x64.ActiveCfg = Debug|x64
		{A8F19913-8053-38C7-AB07-6AA19278753E}.Debug|x64.Build.0 = Debug|x64
		{A8F19913-8053-38C7-AB07-6AA19278753E}.Release|x64.ActiveCfg = Release|x64
		{A8F19913-8053-38C7-AB07-6AA19278753E}.Release|x64.Build.0 = Release|x64
	EndGlobalSection
	GlobalSection(ExtensibilityGlobals) = postSolution
		SolutionGuid = {6AA81CFA-3C28-3585-8766-0DEC71F65BC7}
	EndGlobalSection
	GlobalSection(ExtensibilityAddIns) = postSolution
	EndGlobalSection
EndGlobal
