
Microsoft Visual Studio Solution File, Format Version 12.00
# Visual Studio Version 16
Project("{8BC9CEB8-8B4A-11D0-8D11-00A0C91BC942}") = "ALL_BUILD", "ALL_BUILD.vcxproj", "{431D7FE4-3100-3FCD-BB9E-3E55EEF75FC8}"
	ProjectSection(ProjectDependencies) = postProject
		{47916738-B8FB-3D5D-8593-BFD62D6CE923} = {47916738-B8FB-3D5D-8593-BFD62D6CE923}
		{1595E814-ED57-37EF-856C-628A85B300AF} = {1595E814-ED57-37EF-856C-628A85B300AF}
		{CC6CD1F7-AC0E-3F74-BBEF-3BC5296D450A} = {CC6CD1F7-AC0E-3F74-BBEF-3BC5296D450A}
		{C7828A38-A376-33E4-B339-4F3D322B411A} = {C7828A38-A376-33E4-B339-4F3D322B411A}
		{3D8F97DA-37D2-3D0A-9F4A-28E7878A5EFC} = {3D8F97DA-37D2-3D0A-9F4A-28E7878A5EFC}
		{32BC52F7-CE71-35B5-AC7A-44C18F3A95C9} = {32BC52F7-CE71-35B5-AC7A-44C18F3A95C9}
		{10BA4222-43C1-3D6A-B7AE-1B5E38FD8413} = {10BA4222-43C1-3D6A-B7AE-1B5E38FD8413}
		{135A6144-6E31-30AB-8E9D-723122E4A504} = {135A6144-6E31-30AB-8E9D-723122E4A504}
		{886AE958-0E59-3387-A58C-5F97CDA3D69C} = {886AE958-0E59-3387-A58C-5F97CDA3D69C}
		{6A517CA0-62C4-3966-B76A-1CC31D1D289C} = {6A517CA0-62C4-3966-B76A-1CC31D1D289C}
		{672B12B6-731E-3B5E-874A-FA0E9242FEC1} = {672B12B6-731E-3B5E-874A-FA0E9242FEC1}
		{666EEB90-7F09-3F1C-AB42-88E3F537ECE2} = {666EEB90-7F09-3F1C-AB42-88E3F537ECE2}
		{4E490E2F-378C-39B9-AAF5-1EAA999334AA} = {4E490E2F-378C-39B9-AAF5-1EAA999334AA}
		{2C5B9935-F973-3B9C-91E1-F2164260340D} = {2C5B9935-F973-3B9C-91E1-F2164260340D}
	EndProjectSection
EndProject
Project("{8BC9CEB8-8B4A-11D0-8D11-00A0C91BC942}") = "reflection", "reflection.vcxproj", "{47916738-B8FB-3D5D-8593-BFD62D6CE923}"
	ProjectSection(ProjectDependencies) = postProject
	EndProjectSection
EndProject
Project("{8BC9CEB8-8B4A-11D0-8D11-00A0C91BC942}") = "test_reflection", "test_reflection.vcxproj", "{E20A2F4D-F842-333B-BEB8-6CBB545E114B}"
	ProjectSection(ProjectDependencies) = postProject
		{1595E814-ED57-37EF-856C-628A85B300AF} = {1595E814-ED57-37EF-856C-628A85B300AF}
		{CC6CD1F7-AC0E-3F74-BBEF-3BC5296D450A} = {CC6CD1F7-AC0E-3F74-BBEF-3BC5296D450A}
		{C7828A38-A376-33E4-B339-4F3D322B411A} = {C7828A38-A376-33E4-B339-4F3D322B411A}
		{3D8F97DA-37D2-3D0A-9F4A-28E7878A5EFC} = {3D8F97DA-37D2-3D0A-9F4A-28E7878A5EFC}
		{32BC52F7-CE71-35B5-AC7A-44C18F3A95C9} = {32BC52F7-CE71-35B5-AC7A-44C18F3A95C9}
		{10BA4222-43C1-3D6A-B7AE-1B5E38FD8413} = {10BA4222-43C1-3D6A-B7AE-1B5E38FD8413}
		{135A6144-6E31-30AB-8E9D-723122E4A504} = {135A6144-6E31-30AB-8E9D-723122E4A504}
		{886AE958-0E59-3387-A58C-5F97CDA3D69C} = {886AE958-0E59-3387-A58C-5F97CDA3D69C}
		{6A517CA0-62C4-3966-B76A-1CC31D1D289C} = {6A517CA0-62C4-3966-B76A-1CC31D1D289C}
		{672B12B6-731E-3B5E-874A-FA0E9242FEC1} = {672B12B6-731E-3B5E-874A-FA0E9242FEC1}
		{666EEB90-7F09-3F1C-AB42-88E3F537ECE2} = {666EEB90-7F09-3F1C-AB42-88E3F537ECE2}
		{4E490E2F-378C-39B9-AAF5-1EAA999334AA} = {4E490E2F-378C-39B9-AAF5-1EAA999334AA}
		{2C5B9935-F973-3B9C-91E1-F2164260340D} = {2C5B9935-F973-3B9C-91E1-F2164260340D}
	EndProjectSection
EndProject
Project("{8BC9CEB8-8B4A-11D0-8D11-00A0C91BC942}") = "test_reflection_func_func_base_classes", "test_reflection_func_func_base_classes.vcxproj", "{1595E814-ED57-37EF-856C-628A85B300AF}"
	ProjectSection(ProjectDependencies) = postProject
		{47916738-B8FB-3D5D-8593-BFD62D6CE923} = {47916738-B8FB-3D5D-8593-BFD62D6CE923}
	EndProjectSection
EndProject
Project("{8BC9CEB8-8B4A-11D0-8D11-00A0C91BC942}") = "test_reflection_func_func_signature", "test_reflection_func_func_signature.vcxproj", "{CC6CD1F7-AC0E-3F74-BBEF-3BC5296D450A}"
	ProjectSection(ProjectDependencies) = postProject
		{47916738-B8FB-3D5D-8593-BFD62D6CE923} = {47916738-B8FB-3D5D-8593-BFD62D6CE923}
	EndProjectSection
EndProject
Project("{8BC9CEB8-8B4A-11D0-8D11-00A0C91BC942}") = "test_reflection_func_string_callable", "test_reflection_func_string_callable.vcxproj", "{C7828A38-A376-33E4-B339-4F3D322B411A}"
	ProjectSection(ProjectDependencies) = postProject
		{47916738-B8FB-3D5D-8593-BFD62D6CE923} = {47916738-B8FB-3D5D-8593-BFD62D6CE923}
	EndProjectSection
EndProject
Project("{8BC9CEB8-8B4A-11D0-8D11-00A0C91BC942}") = "test_reflection_meta_meta_base_classes", "test_reflection_meta_meta_base_classes.vcxproj", "{3D8F97DA-37D2-3D0A-9F4A-28E7878A5EFC}"
	ProjectSection(ProjectDependencies) = postProject
		{47916738-B8FB-3D5D-8593-BFD62D6CE923} = {47916738-B8FB-3D5D-8593-BFD62D6CE923}
	EndProjectSection
EndProject
Project("{8BC9CEB8-8B4A-11D0-8D11-00A0C91BC942}") = "test_reflection_reflection", "test_reflection_reflection.vcxproj", "{32BC52F7-CE71-35B5-AC7A-44C18F3A95C9}"
	ProjectSection(ProjectDependencies) = postProject
		{47916738-B8FB-3D5D-8593-BFD62D6CE923} = {47916738-B8FB-3D5D-8593-BFD62D6CE923}
	EndProjectSection
EndProject
Project("{8BC9CEB8-8B4A-11D0-8D11-00A0C91BC942}") = "test_reflection_serialization_binary_coder", "test_reflection_serialization_binary_coder.vcxproj", "{10BA4222-43C1-3D6A-B7AE-1B5E38FD8413}"
	ProjectSection(ProjectDependencies) = postProject
		{47916738-B8FB-3D5D-8593-BFD62D6CE923} = {47916738-B8FB-3D5D-8593-BFD62D6CE923}
	EndProjectSection
EndProject
Project("{8BC9CEB8-8B4A-11D0-8D11-00A0C91BC942}") = "test_reflection_serialization_byte_swapper", "test_reflection_serialization_byte_swapper.vcxproj", "{135A6144-6E31-30AB-8E9D-723122E4A504}"
	ProjectSection(ProjectDependencies) = postProject
		{47916738-B8FB-3D5D-8593-BFD62D6CE923} = {47916738-B8FB-3D5D-8593-BFD62D6CE923}
	EndProjectSection
EndProject
Project("{8BC9CEB8-8B4A-11D0-8D11-00A0C91BC942}") = "test_reflection_serialization_endian", "test_reflection_serialization_endian.vcxproj", "{886AE958-0E59-3387-A58C-5F97CDA3D69C}"
	ProjectSection(ProjectDependencies) = postProject
		{47916738-B8FB-3D5D-8593-BFD62D6CE923} = {47916738-B8FB-3D5D-8593-BFD62D6CE923}
	EndProjectSection
EndProject
Project("{8BC9CEB8-8B4A-11D0-8D11-00A0C91BC942}") = "test_reflection_serialization_serialize", "test_reflection_serialization_serialize.vcxproj", "{6A517CA0-62C4-3966-B76A-1CC31D1D289C}"
	ProjectSection(ProjectDependencies) = postProject
		{47916738-B8FB-3D5D-8593-BFD62D6CE923} = {47916738-B8FB-3D5D-8593-BFD62D6CE923}
	EndProjectSection
EndProject
Project("{8BC9CEB8-8B4A-11D0-8D11-00A0C91BC942}") = "test_reflection_serialization_text_code", "test_reflection_serialization_text_code.vcxproj", "{672B12B6-731E-3B5E-874A-FA0E9242FEC1}"
	ProjectSection(ProjectDependencies) = postProject
		{47916738-B8FB-3D5D-8593-BFD62D6CE923} = {47916738-B8FB-3D5D-8593-BFD62D6CE923}
	EndProjectSection
EndProject
Project("{8BC9CEB8-8B4A-11D0-8D11-00A0C91BC942}") = "test_reflection_serialization_utils", "test_reflection_serialization_utils.vcxproj", "{666EEB90-7F09-3F1C-AB42-88E3F537ECE2}"
	ProjectSection(ProjectDependencies) = postProject
		{47916738-B8FB-3D5D-8593-BFD62D6CE923} = {47916738-B8FB-3D5D-8593-BFD62D6CE923}
	EndProjectSection
EndProject
Project("{8BC9CEB8-8B4A-11D0-8D11-00A0C91BC942}") = "test_reflection_status", "test_reflection_status.vcxproj", "{4E490E2F-378C-39B9-AAF5-1EAA999334AA}"
	ProjectSection(ProjectDependencies) = postProject
		{47916738-B8FB-3D5D-8593-BFD62D6CE923} = {47916738-B8FB-3D5D-8593-BFD62D6CE923}
	EndProjectSection
EndProject
Project("{8BC9CEB8-8B4A-11D0-8D11-00A0C91BC942}") = "test_reflection_utils", "test_reflection_utils.vcxproj", "{2C5B9935-F973-3B9C-91E1-F2164260340D}"
	ProjectSection(ProjectDependencies) = postProject
		{47916738-B8FB-3D5D-8593-BFD62D6CE923} = {47916738-B8FB-3D5D-8593-BFD62D6CE923}
	EndProjectSection
EndProject
Global
	GlobalSection(SolutionConfigurationPlatforms) = preSolution
		Debug|x64 = Debug|x64
		Release|x64 = Release|x64
	EndGlobalSection
	GlobalSection(ProjectConfigurationPlatforms) = postSolution
		{431D7FE4-3100-3FCD-BB9E-3E55EEF75FC8}.Debug|x64.ActiveCfg = Debug|x64
		{431D7FE4-3100-3FCD-BB9E-3E55EEF75FC8}.Release|x64.ActiveCfg = Release|x64
		{47916738-B8FB-3D5D-8593-BFD62D6CE923}.Debug|x64.ActiveCfg = Debug|x64
		{47916738-B8FB-3D5D-8593-BFD62D6CE923}.Debug|x64.Build.0 = Debug|x64
		{47916738-B8FB-3D5D-8593-BFD62D6CE923}.Release|x64.ActiveCfg = Release|x64
		{47916738-B8FB-3D5D-8593-BFD62D6CE923}.Release|x64.Build.0 = Release|x64
		{E20A2F4D-F842-333B-BEB8-6CBB545E114B}.Debug|x64.ActiveCfg = Debug|x64
		{E20A2F4D-F842-333B-BEB8-6CBB545E114B}.Release|x64.ActiveCfg = Release|x64
		{1595E814-ED57-37EF-856C-628A85B300AF}.Debug|x64.ActiveCfg = Debug|x64
		{1595E814-ED57-37EF-856C-628A85B300AF}.Debug|x64.Build.0 = Debug|x64
		{1595E814-ED57-37EF-856C-628A85B300AF}.Release|x64.ActiveCfg = Release|x64
		{1595E814-ED57-37EF-856C-628A85B300AF}.Release|x64.Build.0 = Release|x64
		{CC6CD1F7-AC0E-3F74-BBEF-3BC5296D450A}.Debug|x64.ActiveCfg = Debug|x64
		{CC6CD1F7-AC0E-3F74-BBEF-3BC5296D450A}.Debug|x64.Build.0 = Debug|x64
		{CC6CD1F7-AC0E-3F74-BBEF-3BC5296D450A}.Release|x64.ActiveCfg = Release|x64
		{CC6CD1F7-AC0E-3F74-BBEF-3BC5296D450A}.Release|x64.Build.0 = Release|x64
		{C7828A38-A376-33E4-B339-4F3D322B411A}.Debug|x64.ActiveCfg = Debug|x64
		{C7828A38-A376-33E4-B339-4F3D322B411A}.Debug|x64.Build.0 = Debug|x64
		{C7828A38-A376-33E4-B339-4F3D322B411A}.Release|x64.ActiveCfg = Release|x64
		{C7828A38-A376-33E4-B339-4F3D322B411A}.Release|x64.Build.0 = Release|x64
		{3D8F97DA-37D2-3D0A-9F4A-28E7878A5EFC}.Debug|x64.ActiveCfg = Debug|x64
		{3D8F97DA-37D2-3D0A-9F4A-28E7878A5EFC}.Debug|x64.Build.0 = Debug|x64
		{3D8F97DA-37D2-3D0A-9F4A-28E7878A5EFC}.Release|x64.ActiveCfg = Release|x64
		{3D8F97DA-37D2-3D0A-9F4A-28E7878A5EFC}.Release|x64.Build.0 = Release|x64
		{32BC52F7-CE71-35B5-AC7A-44C18F3A95C9}.Debug|x64.ActiveCfg = Debug|x64
		{32BC52F7-CE71-35B5-AC7A-44C18F3A95C9}.Debug|x64.Build.0 = Debug|x64
		{32BC52F7-CE71-35B5-AC7A-44C18F3A95C9}.Release|x64.ActiveCfg = Release|x64
		{32BC52F7-CE71-35B5-AC7A-44C18F3A95C9}.Release|x64.Build.0 = Release|x64
		{10BA4222-43C1-3D6A-B7AE-1B5E38FD8413}.Debug|x64.ActiveCfg = Debug|x64
		{10BA4222-43C1-3D6A-B7AE-1B5E38FD8413}.Debug|x64.Build.0 = Debug|x64
		{10BA4222-43C1-3D6A-B7AE-1B5E38FD8413}.Release|x64.ActiveCfg = Release|x64
		{10BA4222-43C1-3D6A-B7AE-1B5E38FD8413}.Release|x64.Build.0 = Release|x64
		{135A6144-6E31-30AB-8E9D-723122E4A504}.Debug|x64.ActiveCfg = Debug|x64
		{135A6144-6E31-30AB-8E9D-723122E4A504}.Debug|x64.Build.0 = Debug|x64
		{135A6144-6E31-30AB-8E9D-723122E4A504}.Release|x64.ActiveCfg = Release|x64
		{135A6144-6E31-30AB-8E9D-723122E4A504}.Release|x64.Build.0 = Release|x64
		{886AE958-0E59-3387-A58C-5F97CDA3D69C}.Debug|x64.ActiveCfg = Debug|x64
		{886AE958-0E59-3387-A58C-5F97CDA3D69C}.Debug|x64.Build.0 = Debug|x64
		{886AE958-0E59-3387-A58C-5F97CDA3D69C}.Release|x64.ActiveCfg = Release|x64
		{886AE958-0E59-3387-A58C-5F97CDA3D69C}.Release|x64.Build.0 = Release|x64
		{6A517CA0-62C4-3966-B76A-1CC31D1D289C}.Debug|x64.ActiveCfg = Debug|x64
		{6A517CA0-62C4-3966-B76A-1CC31D1D289C}.Debug|x64.Build.0 = Debug|x64
		{6A517CA0-62C4-3966-B76A-1CC31D1D289C}.Release|x64.ActiveCfg = Release|x64
		{6A517CA0-62C4-3966-B76A-1CC31D1D289C}.Release|x64.Build.0 = Release|x64
		{672B12B6-731E-3B5E-874A-FA0E9242FEC1}.Debug|x64.ActiveCfg = Debug|x64
		{672B12B6-731E-3B5E-874A-FA0E9242FEC1}.Debug|x64.Build.0 = Debug|x64
		{672B12B6-731E-3B5E-874A-FA0E9242FEC1}.Release|x64.ActiveCfg = Release|x64
		{672B12B6-731E-3B5E-874A-FA0E9242FEC1}.Release|x64.Build.0 = Release|x64
		{666EEB90-7F09-3F1C-AB42-88E3F537ECE2}.Debug|x64.ActiveCfg = Debug|x64
		{666EEB90-7F09-3F1C-AB42-88E3F537ECE2}.Debug|x64.Build.0 = Debug|x64
		{666EEB90-7F09-3F1C-AB42-88E3F537ECE2}.Release|x64.ActiveCfg = Release|x64
		{666EEB90-7F09-3F1C-AB42-88E3F537ECE2}.Release|x64.Build.0 = Release|x64
		{4E490E2F-378C-39B9-AAF5-1EAA999334AA}.Debug|x64.ActiveCfg = Debug|x64
		{4E490E2F-378C-39B9-AAF5-1EAA999334AA}.Debug|x64.Build.0 = Debug|x64
		{4E490E2F-378C-39B9-AAF5-1EAA999334AA}.Release|x64.ActiveCfg = Release|x64
		{4E490E2F-378C-39B9-AAF5-1EAA999334AA}.Release|x64.Build.0 = Release|x64
		{2C5B9935-F973-3B9C-91E1-F2164260340D}.Debug|x64.ActiveCfg = Debug|x64
		{2C5B9935-F973-3B9C-91E1-F2164260340D}.Debug|x64.Build.0 = Debug|x64
		{2C5B9935-F973-3B9C-91E1-F2164260340D}.Release|x64.ActiveCfg = Release|x64
		{2C5B9935-F973-3B9C-91E1-F2164260340D}.Release|x64.Build.0 = Release|x64
	EndGlobalSection
	GlobalSection(ExtensibilityGlobals) = postSolution
		SolutionGuid = {152AA491-038D-3B20-926A-E5F41EB62612}
	EndGlobalSection
	GlobalSection(ExtensibilityAddIns) = postSolution
	EndGlobalSection
EndGlobal
