
Microsoft Visual Studio Solution File, Format Version 12.00
# Visual Studio Version 16
Project("{8BC9CEB8-8B4A-11D0-8D11-00A0C91BC942}") = "ALL_BUILD", "ALL_BUILD.vcxproj", "{38B03DE2-3CAD-31ED-95DC-DC8C052FF061}"
	ProjectSection(ProjectDependencies) = postProject
		{2EF11386-4B32-3530-B69F-15151A95692F} = {2EF11386-4B32-3530-B69F-15151A95692F}
		{D52C9797-CCC1-36C5-AB88-6CEEB34BD2E8} = {D52C9797-CCC1-36C5-AB88-6CEEB34BD2E8}
		{B98D5BE5-F784-3FBC-A83F-EF56892C81AE} = {B98D5BE5-F784-3FBC-A83F-EF56892C81AE}
		{876ABA95-6276-3D46-8F23-5E8F595A7273} = {876ABA95-6276-3D46-8F23-5E8F595A7273}
		{4EA1F6AA-29E8-3752-A12D-A6D30FDEF8B5} = {4EA1F6AA-29E8-3752-A12D-A6D30FDEF8B5}
		{BBDD61E5-B58B-3A26-AADE-FE463F3DB994} = {BBDD61E5-B58B-3A26-AADE-FE463F3DB994}
		{29F023DD-DA5C-3825-AF93-F879356E729D} = {29F023DD-DA5C-3825-AF93-F879356E729D}
		{C7DA2EE6-F1FE-3215-A0C4-AE427568F613} = {C7DA2EE6-F1FE-3215-A0C4-AE427568F613}
		{5E15B9ED-F4BA-3AAC-9842-6AA31FD49C14} = {5E15B9ED-F4BA-3AAC-9842-6AA31FD49C14}
		{E7FAAEB3-0BE7-3513-B227-3728A996A20E} = {E7FAAEB3-0BE7-3513-B227-3728A996A20E}
		{726ECCD8-6469-3812-B390-2E00F73EF825} = {726ECCD8-6469-3812-B390-2E00F73EF825}
		{8C535C93-10F6-389E-8D3E-A7DF64C853C9} = {8C535C93-10F6-389E-8D3E-A7DF64C853C9}
		{91BEA004-952A-3D24-A088-886AC5E9D2E6} = {91BEA004-952A-3D24-A088-886AC5E9D2E6}
		{73A97F91-DF3B-3FBE-8F0B-E8031F9CF110} = {73A97F91-DF3B-3FBE-8F0B-E8031F9CF110}
	EndProjectSection
EndProject
Project("{8BC9CEB8-8B4A-11D0-8D11-00A0C91BC942}") = "reflection", "reflection.vcxproj", "{2EF11386-4B32-3530-B69F-15151A95692F}"
	ProjectSection(ProjectDependencies) = postProject
	EndProjectSection
EndProject
Project("{8BC9CEB8-8B4A-11D0-8D11-00A0C91BC942}") = "test_reflection", "test_reflection.vcxproj", "{F449CA57-F477-308F-B084-0EF37A528627}"
	ProjectSection(ProjectDependencies) = postProject
		{D52C9797-CCC1-36C5-AB88-6CEEB34BD2E8} = {D52C9797-CCC1-36C5-AB88-6CEEB34BD2E8}
		{B98D5BE5-F784-3FBC-A83F-EF56892C81AE} = {B98D5BE5-F784-3FBC-A83F-EF56892C81AE}
		{876ABA95-6276-3D46-8F23-5E8F595A7273} = {876ABA95-6276-3D46-8F23-5E8F595A7273}
		{4EA1F6AA-29E8-3752-A12D-A6D30FDEF8B5} = {4EA1F6AA-29E8-3752-A12D-A6D30FDEF8B5}
		{BBDD61E5-B58B-3A26-AADE-FE463F3DB994} = {BBDD61E5-B58B-3A26-AADE-FE463F3DB994}
		{29F023DD-DA5C-3825-AF93-F879356E729D} = {29F023DD-DA5C-3825-AF93-F879356E729D}
		{C7DA2EE6-F1FE-3215-A0C4-AE427568F613} = {C7DA2EE6-F1FE-3215-A0C4-AE427568F613}
		{5E15B9ED-F4BA-3AAC-9842-6AA31FD49C14} = {5E15B9ED-F4BA-3AAC-9842-6AA31FD49C14}
		{E7FAAEB3-0BE7-3513-B227-3728A996A20E} = {E7FAAEB3-0BE7-3513-B227-3728A996A20E}
		{726ECCD8-6469-3812-B390-2E00F73EF825} = {726ECCD8-6469-3812-B390-2E00F73EF825}
		{8C535C93-10F6-389E-8D3E-A7DF64C853C9} = {8C535C93-10F6-389E-8D3E-A7DF64C853C9}
		{91BEA004-952A-3D24-A088-886AC5E9D2E6} = {91BEA004-952A-3D24-A088-886AC5E9D2E6}
		{73A97F91-DF3B-3FBE-8F0B-E8031F9CF110} = {73A97F91-DF3B-3FBE-8F0B-E8031F9CF110}
	EndProjectSection
EndProject
Project("{8BC9CEB8-8B4A-11D0-8D11-00A0C91BC942}") = "test_reflection_func_func_base_classes", "test_reflection_func_func_base_classes.vcxproj", "{D52C9797-CCC1-36C5-AB88-6CEEB34BD2E8}"
	ProjectSection(ProjectDependencies) = postProject
		{2EF11386-4B32-3530-B69F-15151A95692F} = {2EF11386-4B32-3530-B69F-15151A95692F}
	EndProjectSection
EndProject
Project("{8BC9CEB8-8B4A-11D0-8D11-00A0C91BC942}") = "test_reflection_func_func_signature", "test_reflection_func_func_signature.vcxproj", "{B98D5BE5-F784-3FBC-A83F-EF56892C81AE}"
	ProjectSection(ProjectDependencies) = postProject
		{2EF11386-4B32-3530-B69F-15151A95692F} = {2EF11386-4B32-3530-B69F-15151A95692F}
	EndProjectSection
EndProject
Project("{8BC9CEB8-8B4A-11D0-8D11-00A0C91BC942}") = "test_reflection_func_string_callable", "test_reflection_func_string_callable.vcxproj", "{876ABA95-6276-3D46-8F23-5E8F595A7273}"
	ProjectSection(ProjectDependencies) = postProject
		{2EF11386-4B32-3530-B69F-15151A95692F} = {2EF11386-4B32-3530-B69F-15151A95692F}
	EndProjectSection
EndProject
Project("{8BC9CEB8-8B4A-11D0-8D11-00A0C91BC942}") = "test_reflection_meta_meta_base_classes", "test_reflection_meta_meta_base_classes.vcxproj", "{4EA1F6AA-29E8-3752-A12D-A6D30FDEF8B5}"
	ProjectSection(ProjectDependencies) = postProject
		{2EF11386-4B32-3530-B69F-15151A95692F} = {2EF11386-4B32-3530-B69F-15151A95692F}
	EndProjectSection
EndProject
Project("{8BC9CEB8-8B4A-11D0-8D11-00A0C91BC942}") = "test_reflection_reflection", "test_reflection_reflection.vcxproj", "{BBDD61E5-B58B-3A26-AADE-FE463F3DB994}"
	ProjectSection(ProjectDependencies) = postProject
		{2EF11386-4B32-3530-B69F-15151A95692F} = {2EF11386-4B32-3530-B69F-15151A95692F}
	EndProjectSection
EndProject
Project("{8BC9CEB8-8B4A-11D0-8D11-00A0C91BC942}") = "test_reflection_serialization_binary_coder", "test_reflection_serialization_binary_coder.vcxproj", "{29F023DD-DA5C-3825-AF93-F879356E729D}"
	ProjectSection(ProjectDependencies) = postProject
		{2EF11386-4B32-3530-B69F-15151A95692F} = {2EF11386-4B32-3530-B69F-15151A95692F}
	EndProjectSection
EndProject
Project("{8BC9CEB8-8B4A-11D0-8D11-00A0C91BC942}") = "test_reflection_serialization_byte_swapper", "test_reflection_serialization_byte_swapper.vcxproj", "{C7DA2EE6-F1FE-3215-A0C4-AE427568F613}"
	ProjectSection(ProjectDependencies) = postProject
		{2EF11386-4B32-3530-B69F-15151A95692F} = {2EF11386-4B32-3530-B69F-15151A95692F}
	EndProjectSection
EndProject
Project("{8BC9CEB8-8B4A-11D0-8D11-00A0C91BC942}") = "test_reflection_serialization_endian", "test_reflection_serialization_endian.vcxproj", "{5E15B9ED-F4BA-3AAC-9842-6AA31FD49C14}"
	ProjectSection(ProjectDependencies) = postProject
		{2EF11386-4B32-3530-B69F-15151A95692F} = {2EF11386-4B32-3530-B69F-15151A95692F}
	EndProjectSection
EndProject
Project("{8BC9CEB8-8B4A-11D0-8D11-00A0C91BC942}") = "test_reflection_serialization_serialize", "test_reflection_serialization_serialize.vcxproj", "{E7FAAEB3-0BE7-3513-B227-3728A996A20E}"
	ProjectSection(ProjectDependencies) = postProject
		{2EF11386-4B32-3530-B69F-15151A95692F} = {2EF11386-4B32-3530-B69F-15151A95692F}
	EndProjectSection
EndProject
Project("{8BC9CEB8-8B4A-11D0-8D11-00A0C91BC942}") = "test_reflection_serialization_text_code", "test_reflection_serialization_text_code.vcxproj", "{726ECCD8-6469-3812-B390-2E00F73EF825}"
	ProjectSection(ProjectDependencies) = postProject
		{2EF11386-4B32-3530-B69F-15151A95692F} = {2EF11386-4B32-3530-B69F-15151A95692F}
	EndProjectSection
EndProject
Project("{8BC9CEB8-8B4A-11D0-8D11-00A0C91BC942}") = "test_reflection_serialization_utils", "test_reflection_serialization_utils.vcxproj", "{8C535C93-10F6-389E-8D3E-A7DF64C853C9}"
	ProjectSection(ProjectDependencies) = postProject
		{2EF11386-4B32-3530-B69F-15151A95692F} = {2EF11386-4B32-3530-B69F-15151A95692F}
	EndProjectSection
EndProject
Project("{8BC9CEB8-8B4A-11D0-8D11-00A0C91BC942}") = "test_reflection_status", "test_reflection_status.vcxproj", "{91BEA004-952A-3D24-A088-886AC5E9D2E6}"
	ProjectSection(ProjectDependencies) = postProject
		{2EF11386-4B32-3530-B69F-15151A95692F} = {2EF11386-4B32-3530-B69F-15151A95692F}
	EndProjectSection
EndProject
Project("{8BC9CEB8-8B4A-11D0-8D11-00A0C91BC942}") = "test_reflection_utils", "test_reflection_utils.vcxproj", "{73A97F91-DF3B-3FBE-8F0B-E8031F9CF110}"
	ProjectSection(ProjectDependencies) = postProject
		{2EF11386-4B32-3530-B69F-15151A95692F} = {2EF11386-4B32-3530-B69F-15151A95692F}
	EndProjectSection
EndProject
Global
	GlobalSection(SolutionConfigurationPlatforms) = preSolution
		Debug|x64 = Debug|x64
		Release|x64 = Release|x64
	EndGlobalSection
	GlobalSection(ProjectConfigurationPlatforms) = postSolution
		{38B03DE2-3CAD-31ED-95DC-DC8C052FF061}.Debug|x64.ActiveCfg = Debug|x64
		{38B03DE2-3CAD-31ED-95DC-DC8C052FF061}.Release|x64.ActiveCfg = Release|x64
		{2EF11386-4B32-3530-B69F-15151A95692F}.Debug|x64.ActiveCfg = Debug|x64
		{2EF11386-4B32-3530-B69F-15151A95692F}.Debug|x64.Build.0 = Debug|x64
		{2EF11386-4B32-3530-B69F-15151A95692F}.Release|x64.ActiveCfg = Release|x64
		{2EF11386-4B32-3530-B69F-15151A95692F}.Release|x64.Build.0 = Release|x64
		{F449CA57-F477-308F-B084-0EF37A528627}.Debug|x64.ActiveCfg = Debug|x64
		{F449CA57-F477-308F-B084-0EF37A528627}.Release|x64.ActiveCfg = Release|x64
		{D52C9797-CCC1-36C5-AB88-6CEEB34BD2E8}.Debug|x64.ActiveCfg = Debug|x64
		{D52C9797-CCC1-36C5-AB88-6CEEB34BD2E8}.Debug|x64.Build.0 = Debug|x64
		{D52C9797-CCC1-36C5-AB88-6CEEB34BD2E8}.Release|x64.ActiveCfg = Release|x64
		{D52C9797-CCC1-36C5-AB88-6CEEB34BD2E8}.Release|x64.Build.0 = Release|x64
		{B98D5BE5-F784-3FBC-A83F-EF56892C81AE}.Debug|x64.ActiveCfg = Debug|x64
		{B98D5BE5-F784-3FBC-A83F-EF56892C81AE}.Debug|x64.Build.0 = Debug|x64
		{B98D5BE5-F784-3FBC-A83F-EF56892C81AE}.Release|x64.ActiveCfg = Release|x64
		{B98D5BE5-F784-3FBC-A83F-EF56892C81AE}.Release|x64.Build.0 = Release|x64
		{876ABA95-6276-3D46-8F23-5E8F595A7273}.Debug|x64.ActiveCfg = Debug|x64
		{876ABA95-6276-3D46-8F23-5E8F595A7273}.Debug|x64.Build.0 = Debug|x64
		{876ABA95-6276-3D46-8F23-5E8F595A7273}.Release|x64.ActiveCfg = Release|x64
		{876ABA95-6276-3D46-8F23-5E8F595A7273}.Release|x64.Build.0 = Release|x64
		{4EA1F6AA-29E8-3752-A12D-A6D30FDEF8B5}.Debug|x64.ActiveCfg = Debug|x64
		{4EA1F6AA-29E8-3752-A12D-A6D30FDEF8B5}.Debug|x64.Build.0 = Debug|x64
		{4EA1F6AA-29E8-3752-A12D-A6D30FDEF8B5}.Release|x64.ActiveCfg = Release|x64
		{4EA1F6AA-29E8-3752-A12D-A6D30FDEF8B5}.Release|x64.Build.0 = Release|x64
		{BBDD61E5-B58B-3A26-AADE-FE463F3DB994}.Debug|x64.ActiveCfg = Debug|x64
		{BBDD61E5-B58B-3A26-AADE-FE463F3DB994}.Debug|x64.Build.0 = Debug|x64
		{BBDD61E5-B58B-3A26-AADE-FE463F3DB994}.Release|x64.ActiveCfg = Release|x64
		{BBDD61E5-B58B-3A26-AADE-FE463F3DB994}.Release|x64.Build.0 = Release|x64
		{29F023DD-DA5C-3825-AF93-F879356E729D}.Debug|x64.ActiveCfg = Debug|x64
		{29F023DD-DA5C-3825-AF93-F879356E729D}.Debug|x64.Build.0 = Debug|x64
		{29F023DD-DA5C-3825-AF93-F879356E729D}.Release|x64.ActiveCfg = Release|x64
		{29F023DD-DA5C-3825-AF93-F879356E729D}.Release|x64.Build.0 = Release|x64
		{C7DA2EE6-F1FE-3215-A0C4-AE427568F613}.Debug|x64.ActiveCfg = Debug|x64
		{C7DA2EE6-F1FE-3215-A0C4-AE427568F613}.Debug|x64.Build.0 = Debug|x64
		{C7DA2EE6-F1FE-3215-A0C4-AE427568F613}.Release|x64.ActiveCfg = Release|x64
		{C7DA2EE6-F1FE-3215-A0C4-AE427568F613}.Release|x64.Build.0 = Release|x64
		{5E15B9ED-F4BA-3AAC-9842-6AA31FD49C14}.Debug|x64.ActiveCfg = Debug|x64
		{5E15B9ED-F4BA-3AAC-9842-6AA31FD49C14}.Debug|x64.Build.0 = Debug|x64
		{5E15B9ED-F4BA-3AAC-9842-6AA31FD49C14}.Release|x64.ActiveCfg = Release|x64
		{5E15B9ED-F4BA-3AAC-9842-6AA31FD49C14}.Release|x64.Build.0 = Release|x64
		{E7FAAEB3-0BE7-3513-B227-3728A996A20E}.Debug|x64.ActiveCfg = Debug|x64
		{E7FAAEB3-0BE7-3513-B227-3728A996A20E}.Debug|x64.Build.0 = Debug|x64
		{E7FAAEB3-0BE7-3513-B227-3728A996A20E}.Release|x64.ActiveCfg = Release|x64
		{E7FAAEB3-0BE7-3513-B227-3728A996A20E}.Release|x64.Build.0 = Release|x64
		{726ECCD8-6469-3812-B390-2E00F73EF825}.Debug|x64.ActiveCfg = Debug|x64
		{726ECCD8-6469-3812-B390-2E00F73EF825}.Debug|x64.Build.0 = Debug|x64
		{726ECCD8-6469-3812-B390-2E00F73EF825}.Release|x64.ActiveCfg = Release|x64
		{726ECCD8-6469-3812-B390-2E00F73EF825}.Release|x64.Build.0 = Release|x64
		{8C535C93-10F6-389E-8D3E-A7DF64C853C9}.Debug|x64.ActiveCfg = Debug|x64
		{8C535C93-10F6-389E-8D3E-A7DF64C853C9}.Debug|x64.Build.0 = Debug|x64
		{8C535C93-10F6-389E-8D3E-A7DF64C853C9}.Release|x64.ActiveCfg = Release|x64
		{8C535C93-10F6-389E-8D3E-A7DF64C853C9}.Release|x64.Build.0 = Release|x64
		{91BEA004-952A-3D24-A088-886AC5E9D2E6}.Debug|x64.ActiveCfg = Debug|x64
		{91BEA004-952A-3D24-A088-886AC5E9D2E6}.Debug|x64.Build.0 = Debug|x64
		{91BEA004-952A-3D24-A088-886AC5E9D2E6}.Release|x64.ActiveCfg = Release|x64
		{91BEA004-952A-3D24-A088-886AC5E9D2E6}.Release|x64.Build.0 = Release|x64
		{73A97F91-DF3B-3FBE-8F0B-E8031F9CF110}.Debug|x64.ActiveCfg = Debug|x64
		{73A97F91-DF3B-3FBE-8F0B-E8031F9CF110}.Debug|x64.Build.0 = Debug|x64
		{73A97F91-DF3B-3FBE-8F0B-E8031F9CF110}.Release|x64.ActiveCfg = Release|x64
		{73A97F91-DF3B-3FBE-8F0B-E8031F9CF110}.Release|x64.Build.0 = Release|x64
	EndGlobalSection
	GlobalSection(ExtensibilityGlobals) = postSolution
		SolutionGuid = {6F06EE6A-CFB7-3B33-BDC3-366B9A2A20E8}
	EndGlobalSection
	GlobalSection(ExtensibilityAddIns) = postSolution
	EndGlobalSection
EndGlobal
